
Microsoft Visual Studio Solution File, Format Version 12.00
# Visual Studio Version 16
VisualStudioVersion = 16.0.35425.106
MinimumVisualStudioVersion = 10.0.40219.1
Project("{FAE04EC0-301F-11D3-BF4B-00C04F79EFBC}") = "WebQLDaoTao", "WebQLDaoTao\WebQLDaoTao.csproj", "{46D09916-DE11-4B21-A355-BB6DFF81EABB}"
EndProject
Global
	GlobalSection(SolutionConfigurationPlatforms) = preSolution
		Debug|Any CPU = Debug|Any CPU
		Release|Any CPU = Release|Any CPU
	EndGlobalSection
	GlobalSection(ProjectConfigurationPlatforms) = postSolution
		{46D09916-DE11-4B21-A355-BB6DFF81EABB}.Debug|Any CPU.ActiveCfg = Debug|Any CPU
		{46D09916-DE11-4B21-A355-BB6DFF81EABB}.Debug|Any CPU.Build.0 = Debug|Any CPU
		{46D09916-DE11-4B21-A355-BB6DFF81EABB}.Release|Any CPU.ActiveCfg = Release|Any CPU
		{46D09916-DE11-4B21-A355-BB6DFF81EABB}.Release|Any CPU.Build.0 = Release|Any CPU
	EndGlobalSection
	GlobalSection(SolutionProperties) = preSolution
		HideSolutionNode = FALSE
	EndGlobalSection
	GlobalSection(ExtensibilityGlobals) = postSolution
		SolutionGuid = {D6D902CE-4344-47DA-A5A7-EB2FD46263D3}
	EndGlobalSection
EndGlobal
